{
    "_meta": {
        "hash": {
            "sha256": "cccffabaa539ff95cbe47242bc560fb34e5f69574fd43dd1d21304eb9628e827"
        },
        "host-environment-markers": {
            "implementation_name": "cpython",
            "implementation_version": "0",
            "os_name": "posix",
            "platform_machine": "x86_64",
            "platform_python_implementation": "CPython",
            "platform_release": "4.10.0-42-generic",
            "platform_system": "Linux",
            "platform_version": "#46~16.04.1-Ubuntu SMP Mon Dec 4 15:57:59 UTC 2017",
            "python_full_version": "2.7.12",
            "python_version": "2.7",
            "sys_platform": "linux2"
        },
        "pipfile-spec": 6,
        "requires": {
            "python_version": ">=3.5"
        },
        "sources": [
            {
                "name": "pypi",
                "url": "https://pypi.python.org/simple",
                "verify_ssl": true
            }
        ]
    },
    "default": {
        "aldryn-apphooks-config": {
            "hashes": [
                "sha256:3a218242463302761588f9ef6fc5476143be54db3fa033689515070259318987",
                "sha256:8307cb7af363ca724f517b02917529ba495d95d96f0af4f4aa578d5712e1888a"
            ],
            "version": "==0.3.3"
        },
        "aldryn-boilerplates": {
            "hashes": [
                "sha256:d3af38ae43d168992c2a14f113c92979a206cab8435c3684ce2cf3b53ffe8bb9",
                "sha256:c4ac45b0c76d23cec1f014523e0ab3e74a8c1aa3aa77acf984d493813669ba95"
            ],
            "version": "==0.7.5"
        },
        "aldryn-categories": {
            "hashes": [
                "sha256:d93d236adefab592ad26742af2804b25572f1189780a2f42a39b6db93ecf7d14"
            ],
            "version": "==1.1.0"
        },
        "aldryn-common": {
            "hashes": [
                "sha256:3f7ce7d24dd76582879e0ad6b4c0365fe65212ef3e23cda2659e70a3934e84e2"
            ],
            "version": "==1.0.4"
        },
        "aldryn-newsblog": {
            "hashes": [
                "sha256:65794d347d14f52b3cc24d3e4cc39c559bc7e6326a572367921b3f5ba8e617f7",
                "sha256:c6d27bcc27fc739954ba9b40801f2d48f039c7e8771016484bc26b4d8ef860e2"
            ],
            "version": "==1.3.3"
        },
        "aldryn-people": {
            "hashes": [
                "sha256:e31b17a0ea38dfdb1eec57cd6eb6ee3055a3240873cf3186f3f15e5a96dc603b",
                "sha256:c74adebb4e2d495a97cb4f1fb983ad0c3043bcc0fb55a732306e31da87b92a87"
            ],
            "version": "==1.2.2"
        },
        "aldryn-reversion": {
            "hashes": [
                "sha256:dc1d30f2c768ee0f892d16ce2be99ba72291289c37d190b7bb52497d3caca6c6",
                "sha256:8bc4de5fc99c8f9dfb01a1a1a52013c24eb178c915edff6c3a49398fbba947de"
            ],
            "version": "==1.1.0"
        },
        "aldryn-translation-tools": {
            "hashes": [
                "sha256:dc0aac43e3785e4df4713976424deddced3e0ec45921f33c0a3e204bf5b223fa"
            ],
            "version": "==0.2.1"
        },
        "babel": {
            "hashes": [
                "sha256:f20b2acd44f587988ff185d8949c3e208b4b3d5d20fcab7d91fe481ffa435528",
                "sha256:6007daf714d0cd5524bbe436e2d42b3c20e68da66289559341e48d2cd6d25811"
            ],
            "version": "==2.5.1"
        },
        "backport-collections": {
            "hashes": [
                "sha256:939ac17313c6cda524b15fea9706af6ececd07b763a48b371b5b6d345b05eab7"
            ],
            "version": "==0.1"
        },
        "cmsplugin-filer": {
            "hashes": [
                "sha256:e1573b391e58682c796a922e60d5bfd0c96461395663a6cee536fe6c343c14ec",
                "sha256:d9a1c57448b5a55712cf6baf25e43703d37f75162bbd540aeb19ecb832c27e3f"
            ],
            "version": "==1.1.3"
        },
        "django": {
            "hashes": [
                "sha256:d8e2fd119756ab10b43a31052c3c8efbc262064b81eecb7871372de4d37b1a94",
                "sha256:c7611cdd5e2539a443b7960c7cafd867d986c2720a1b44808deaa60ce3da50c7"
            ],
            "version": "==1.8.18"
        },
        "django-appconf": {
            "hashes": [
                "sha256:ddab987d14b26731352c01ee69c090a4ebfc9141ed223bef039d79587f22acd9",
                "sha256:6a4d9aea683b4c224d97ab8ee11ad2d29a37072c0c6c509896dd9857466fb261"
            ],
            "version": "==1.0.2"
        },
        "django-appdata": {
            "hashes": [
                "sha256:f389fdf9fdff2f0b0ce2ef76380c4ad4866ea65c33a43d07d06042a0b61fe916",
                "sha256:e7edce730852000ae255e2dc87967f2e48cf23c485586167aebe64bc8a782178"
            ],
            "version": "==0.1.6"
        },
        "django-classy-tags": {
            "hashes": [
                "sha256:f6d12f5a4df3e387795a0d9ef2836af389cae9a1fbebda035dac043d4722b1f7",
                "sha256:792f9161d0e22d55b4fab6fc297bab8ab072ffaa3075b227613a6d8473624db8"
            ],
            "version": "==0.8.0"
        },
        "django-cms": {
            "hashes": [
                "sha256:e113f3af4a6acfe8f4ee706c0902359dadb75aea4cbcae70f9bc8fc09d69647c",
                "sha256:81e2da8314cdb8c67569b865d43fd91347404b6a06df4e26acfb78a01ed598e5"
            ],
            "version": "==3.4.5"
        },
        "django-filer": {
            "hashes": [
                "sha256:f5298a731291ec2adef91a9a18509a55446b175c5e5afd31316d78b32222e065",
                "sha256:694fed2d8a3468ab303c1922215c5007f8b60fd4893063038e2fedf685241030"
            ],
            "version": "==1.3.0"
        },
        "django-formtools": {
            "hashes": [
                "sha256:cb2bd7c29c2104278e5a0e76f7ff256b9570acf11485d547ee0c1b35347359fb",
                "sha256:7703793f1675aa6e871f9fed147e8563816d7a5b9affdc5e3459899596217f7c"
            ],
            "version": "==2.1"
        },
        "django-mptt": {
            "hashes": [
                "sha256:422cc3b4326edfdba65ba5d59b29540f72581bafab53c439d90a89101d2eacc8",
                "sha256:b6c80983bad659cfe7ebd04c95410969cf66ca89dcf8774f33b3fb0e0016270d"
            ],
            "version": "==0.8.7"
        },
        "django-parler": {
            "hashes": [
                "sha256:5fe9dee41cf3ea9d819d2e54620d92ad4b1095fa43d32099c62bd0d2b51c1fe4",
                "sha256:57f89f5af674098f6a56dcb3d5d8fd37dc813cfc138c6ca8dd824c7cec50431d"
            ],
            "version": "==1.9.1"
        },
        "django-phonenumber-field": {
            "hashes": [
                "sha256:8db9d2dc833678b163adabd593cda7ad1dede81a1c18f67c895701fc44dc44f1"
            ],
            "version": "==1.3.0"
        },
        "django-polymorphic": {
            "hashes": [
                "sha256:8f4e36ada0ec16b98de0b6e53477772fcac3ece89a1da8473ee6aa4e658775a7",
                "sha256:8737b465ebf5fad772b4c52272189c352f5904f468d298584a3469187e3207ad"
            ],
            "version": "==1.3"
        },
        "django-reversion": {
            "hashes": [
                "sha256:f1ffc5d9d7a9417fdb8593a8a60b49a6223798afb4fa1d069dca728461384a11"
            ],
            "version": "==1.10.2"
        },
        "django-sekizai": {
            "hashes": [
                "sha256:cbd48e7be29e8cc4108476b9420d7c391fc509a504bc20b60616b116ba6ea51e",
                "sha256:39c5d16ad694aa78278ca84fdc7b9f953ebcf94e2fc95b68c875d02014303260"
            ],
            "version": "==0.10.0"
        },
        "django-sortedm2m": {
            "hashes": [
                "sha256:52942b5295efcf252b6bbff58be70365d9f5d59d2e6d0f1bf9d9f2d0dbef4814"
            ],
            "version": "==1.5.0"
        },
        "django-taggit": {
            "hashes": [
                "sha256:969a68dc244fd3051589b6b917e26777cdf186f95dd51bf2f023f5446e2ca89e",
                "sha256:87eeae942a2db48bf6e78c081e29d863d8aeab7430427bea3f08b46e801a5191"
            ],
            "version": "==0.22.1"
        },
        "django-treebeard": {
            "hashes": [
                "sha256:c1830d6e98618f524af654e084cd40e9449fdd1c9959f6fe679f08d54b964ba9"
            ],
            "version": "==4.2.0"
        },
        "djangocms-admin-style": {
            "hashes": [
                "sha256:59dfe4ac535d6377e010c2e1b5e0dd5296b6177ef38e600d12ce8f19ff11e91f"
            ],
            "version": "==1.2.7"
        },
        "djangocms-attributes-field": {
            "hashes": [
                "sha256:2eab4a1ff13886b81926a8e2f298feb75339e281a8ffe01a1714b1b4230da927",
                "sha256:99ec4f4ef9b1df9fff346062e31c1c193552036c060dccf053e743d7b4fc31ac"
            ],
            "version": "==0.3.0"
        },
        "djangocms-column": {
            "hashes": [
                "sha256:06b73e18868fe40a364f33dbee99f20ffcd6a768ec14b5525794ef337a6cd542",
                "sha256:3f3d9fb06fd3f082f5a1e692dc6e73fb745be59f9fe53a266c48f3e75dd78e62"
            ],
            "version": "==1.7.0"
        },
        "djangocms-googlemap": {
            "hashes": [
                "sha256:a1ccc3716dcc715ad9fa79fba47a55cb97462969f3f211482621994bec9dd08e"
            ],
            "version": "==1.1.1"
        },
        "djangocms-link": {
            "hashes": [
                "sha256:210f5e8fd7cb814a808220a718a9b4446cf058d264e0817293b32d2f5dbc7baa"
            ],
            "version": "==2.1.2"
        },
        "djangocms-snippet": {
            "hashes": [
                "sha256:60d2778aad8be81435748a2d4e1645d1e8b7f773b94a47578654964d29fd2970"
            ],
            "version": "==1.9.2"
        },
        "djangocms-style": {
            "hashes": [
                "sha256:3a3b333b3d73c81e13b56f015fad8b753b5cd5b6ad0e123aa94cf8aead671745"
            ],
            "version": "==2.0.2"
        },
        "djangocms-text-ckeditor": {
            "hashes": [
                "sha256:9ca15edda90d94a48b4e2ecfd11381949a8912e5b6f60d1bc5d08fe166cbc770",
                "sha256:cf08123b33396a4b2767b76bdb2cc8cd950beaff46d8d5ee1e4dc28509996ee7"
            ],
            "version": "==3.5.1"
        },
        "djangocms-video": {
            "hashes": [
                "sha256:aa0f6868ba282e88bc5a0886c7b9c7c85df4a7ec31a5ae86e7aa2be57f59568e"
            ],
            "version": "==2.0.4"
        },
        "easy-thumbnails": {
            "hashes": [
                "sha256:8cad7ea4fb2b800284e842d8a44f685cbc1968535be04c24a4bbf6e6dbc550c4"
            ],
            "version": "==2.4.2"
        },
        "factory-boy": {
            "hashes": [
                "sha256:b8334bcc3c5b10af9a83ab5b8786f98cb322638dc1e6d320cad01c7f2b420e87",
                "sha256:340c602f6fed2d8dd160397f28f2c0219e937f0488460450e8e5bf2add020ed6"
            ],
            "version": "==2.9.2"
        },
        "faker": {
            "hashes": [
                "sha256:2f6ccc9da046d4cd20401734cf6a1ac73a4e4d8256e7b283496ee6827ad2eb60",
                "sha256:e928cf853ef69d7471421f2a3716a1239e43de0fa9855f4016ee0c9f1057328a"
            ],
            "version": "==0.8.8"
        },
        "gunicorn": {
            "hashes": [
                "sha256:75af03c99389535f218cc596c7de74df4763803f7b63eb09d77e92b3956b36c6",
                "sha256:eee1169f0ca667be05db3351a0960765620dad53f53434262ff8901b68a1b622"
            ],
            "version": "==19.7.1"
        },
        "html5lib": {
            "hashes": [
                "sha256:2612a191a8d5842bfa057e41ba50bbb9dcb722419d2408c78cff4758d0754868"
            ],
            "version": "==0.9999999"
        },
        "ipaddress": {
            "hashes": [
                "sha256:200d8686011d470b5e4de207d803445deee427455cd0cb7c982b68cf82524f81"
            ],
            "markers": "python_version == '2.7'",
            "version": "==1.0.19"
        },
        "lxml": {
            "hashes": [
                "sha256:41f59cbdab232f11680d5d4dec9f2e6782fd24d78e37ee833447702e34e675f4",
                "sha256:e7e41d383f19bab9d57f5f3b18d158655bcd682e7e723f441b9e183e1e35a6b5",
                "sha256:155521c337acecf8202091cff85bb9f709f238130ebadf04280fb1db11f5ad8b",
                "sha256:d2c985d2460b81c6ca5feb8b86f1bc594ad59405d0bdf68626b85852b701553c",
                "sha256:950e63387514aa1b881eba5ac6cb2ec51a118b3dafe99dd80ca19d8fb0142f30",
                "sha256:470d7ce41e8047208ba1a376560bad17f1468df1f3097bc83902b26cfafdbb0c",
                "sha256:e608839a5ee2180164424ccf279c8e2d9bbe8816d002c58fd97d6b621ba4aa94",
                "sha256:87a66bcadac270fc010cb029022a93fc722bf1204a8b03e782d4c790f0edf7ca",
                "sha256:2dedfeeecc2d5a939cf622602f5a1ce443ca82407f386880f739f1a9f08053ad",
                "sha256:ba05732e4bcf59e948f61588851dcf620fd60d5bbd9d704203e5f59bbaa60219",
                "sha256:2190266059fec3c5a55f9d6c30532c64c6d414d3228909c0af573fe4907e78d1",
                "sha256:dd291debfaa535d9cb6cee8d7aca2328775e037d02d13f1634e57f49bc302cc4",
                "sha256:29a36e354c39b2e24bc4ee103de53417ebb80f976a6ab9e8d093d559e2ac03e1",
                "sha256:e37427d5a27eefbcfc48847e0b37f348113fac7280bc857421db39ffc6372570",
                "sha256:b106d4d2383382399ad82108fd187e92f40b1c90f55c2d36bbcb1c44bcf940fc",
                "sha256:0ee07da52d240f1dc3c83eef5cd5f1b7f018226c1121f2a54d446645779a6d17",
                "sha256:3b33549fb8f91b38a7500078242b03cca513f3412a2cdae722e89bf83f95971d",
                "sha256:4c12e90886d9c53ab434c8d0cebea122321cce19614c3c6b6d1a7700d7cc6212",
                "sha256:79322000279cda10b53c374d53ca632ead3bc51c6aebf8e62c8fa93a4d08b750",
                "sha256:6cba398eb37e0631e60e0e080c101cfe91769b2c8267105b64b4625e2581ea21",
                "sha256:49a655956f8de69e1258bc0fcfc43eb3bd1e038655784d77d1869b4b81444e37",
                "sha256:af8a5373241d09b8fc53e0490e1719ce5dc90a21b19db89b6596c1adcdd52270",
                "sha256:e6b6698415c7e8d227a47a3b1038e1b37c2b438a1b48c2db7ad9e74ddbcd1149",
                "sha256:155c916cf2645b4a8f2bd5d09065e92d1b67b8d464bdc001e0b524af84bedf6f",
                "sha256:fa7320679ced5e25b20203d157280680fc84eb783b6cc650cb0c98e1858b7dd3",
                "sha256:4187c4b0cefc3353181db048c51f42c489d9ac51e40b86c4851dc0671372971d",
                "sha256:d5d29663e979e83b3fc361e97200f959cddb3a14797391d15273d84a5a8ae44b",
                "sha256:940caef1ec7c78e0c34b0f6b94fe42d0f2022915ffc78643d28538a5cfd0f40e"
            ],
            "version": "==4.1.1"
        },
        "olefile": {
            "hashes": [
                "sha256:61f2ca0cd0aa77279eb943c07f607438edf374096b66332fae1ee64a6f0f73ad"
            ],
            "version": "==0.44"
        },
        "phonenumbers": {
            "hashes": [
                "sha256:0ba0bacb3cd03c69be2136e0f4b7475b37e750fee379ee7b8c2cf82936f471fc",
                "sha256:ff2f492e49c212bb7185954efe09e68583a67daec586c02c49bc728c343d4eb0"
            ],
            "version": "==8.8.8"
        },
        "pillow": {
            "hashes": [
                "sha256:cc6a5ed5b8f9d2f25e4e42d562e0ec4df3ce838f9e9b9d9d9b65fac6fe93a4cc",
                "sha256:54898190b538a6c8fa4228e866ff2e7609da1ba9fd1d9cc5dc8ca591d37ce0a8",
                "sha256:a336596b06e062b92eb8201a3b5dff07ae01c3a5d08ce5539d2da49b123f2be6",
                "sha256:922aeb050bd52d8ce9531ab57fd2440bfe975900e8700fec385fb741c3c557c7",
                "sha256:6d814aa655d94c63547fc3208cb6ab886ff1a64c543b31f52658663b1bb3f011",
                "sha256:e66080685863444738f08e13081c287e340b6e4f8bd674a2e0da967776ac6f46",
                "sha256:575a9b3468c82f38be0419cd39d35001ae95a0cc5226534e45430035fecef583",
                "sha256:4fb8ab0f8895fb946454ef6ffe806f49ee387095f2d6112ae24670e5fb8fbcd9",
                "sha256:1d742642d01914b7e0cf6fd597a51f57d21fd68f794cf84803e03e72db78a261",
                "sha256:59cef683d79b85d55a950c1e61dc7b6be0c45a5074692746354cd9a8ace1cd17",
                "sha256:822e4fc261d12fa44d88dadee0e93d59663db94d962d4ffffbf09b1fe5e5be51",
                "sha256:a6f43511c79bed431ec2b56e55150b5222c732cd9e5f80e77a44e068e94c71fc",
                "sha256:2046a2001e2c413998951cc28aa0dbfd4cff846a12e24c2145d42630d5104094",
                "sha256:39c7c9dcf64430091e30ef14d4191b4cae9b7b5ff29762357730aac4866fb189",
                "sha256:f2d71951f473744ac617b645b62d0c4df5372ef4618c425646bfe5e2e8878e61",
                "sha256:9adcfa2477b7e279ebeee75b49f535518201bbd7d26ca2ef1cf6751cb6e658e8",
                "sha256:0e3b56364a2c772c961a8faad8a835d3f24d8848310de035c9e07cc006035cbc",
                "sha256:92087cb92a968421f42235f7d8153f4766b6ba213a6efb36b8060f3c9d294569",
                "sha256:53eaec751151b5713a15b1cd62b06d0fc16d72f56623c15448728c554c30770b",
                "sha256:e595312f67962d6b4fde3b7dffaaaca4becefa522d677676bb57b0ec5f8f921a",
                "sha256:dc32362d0cadf18c3aef7040455760106cafe7dd3c211dc27c507e746376bb56",
                "sha256:759e5e3e99c4ac87b99e9288a75236c63173d1bb24c8d3f9d9d2c8332fceeb0a",
                "sha256:b13106cb83a3b7d1a02fafb94bfafbc980465ba948b76ea1996245959c6783d2",
                "sha256:9184b9788a9cf677e53626a4dc141136a22d349a5480479b98defd3cfb5015a4",
                "sha256:be803fae6af36639524a0f6861a8cface67bbec66c3416c3eaf592f1d45b8b20",
                "sha256:effa82e72f5064439a3d2c7ff615b999eb1c4d65bb1f1e6ee6e2ddb345b3e81e",
                "sha256:9dc002a914cefa710dcb9fb204d34f6cd822662047a6038178f5fc9bfa7be961",
                "sha256:7b3cf7a80608ed661b77793f64e1f2bd1e77136ad0b750aa2c81fac9c7e2c785",
                "sha256:a9bad3405a642649e68568fe9832e8f6ae585354ab0b4ae250816ead11a553a2",
                "sha256:4d3dbd93b131013a71b2e98530dd4945a03c7994d42381e44a921dd8bec300bc",
                "sha256:9a1514bee2e32e0d4c0f55ba7a20f4387f883e37c7d2db64ca50449ffebe86cc",
                "sha256:a9721fe1f6fdfe0c108ea81b1a05dc216f1ec5bb65ef1de1d85fd00494d019e0",
                "sha256:e75d745306ec8aac0e6903358fdfc7fb6854febe551ed753ee7a1cad058b61bb",
                "sha256:ccc9c1f5ba413fc5ee09bc78de7dd2ad8e189edb48f3bc38acedd04a7f43a0c1",
                "sha256:150e24462fd106074a9a63417a55fbb0c633716cef9511f1bd7a773972de14f4",
                "sha256:250d8470661fd657c2583672ab5139f40e7f2ef28ecdc90f87563af0b27f6fba",
                "sha256:a97c715d44efd5b4aa8d739b8fad88b93ed79f1b33fc2822d5802043f3b1b527",
                "sha256:dbefe5aa0882f00f12eceb3fb7df57105cd87fae767ca025db4685b7577c2390",
                "sha256:62a7bbf0a1120ff07a99ddedd383779a8d80bd9d363f3964b2b43a26cef6ea50",
                "sha256:42b4a67949085ddd4559c3c716a00a275fb45cb2c3a3aeec95c4b94419b7c243",
                "sha256:0ac037e6c1746d63a1ea354f0d5974d8f3f984fc0333be373ad193711a89b1e9",
                "sha256:8989cbf10ea07fc9982ec86116f6234bb3e44da481874ac94650d6176f60106f",
                "sha256:77834551d3e928f3da922ce9dfb5c8db46758ea2f2922d4c5835a5b67a222aff",
                "sha256:c00301e807084706bd46a1c56694ee235debe68eaf482c0186edfe07b93a9f6a",
                "sha256:0163bd681d3488e2e9c26f4fbbfefcfb7f32259c431bfd2c3bc25574708a8b8c",
                "sha256:223b06c337d8d60fb65af3b540ab1fa4644931d61d1fddf6e32f7a0e496685f2",
                "sha256:1ab641cb7daf88e88ede8d3b89b7bd68a7099d8671160492d5e6845e24426080"
            ],
            "version": "==4.3.0"
        },
        "psycopg2": {
            "hashes": [
                "sha256:594aa9a095de16614f703d759e10c018bdffeafce2921b8e80a0e8a0ebbc12e5",
                "sha256:1cf5d84290c771eeecb734abe2c6c3120e9837eb12f99474141a862b9061ac51",
                "sha256:0344b181e1aea37a58c218ccb0f0f771295de9aa25a625ed076e6996c6530f9e",
                "sha256:25250867a4cd1510fb755ef9cb38da3065def999d8e92c44e49a39b9b76bc893",
                "sha256:317612d5d0ca4a9f7e42afb2add69b10be360784d21ce4ecfbca19f1f5eadf43",
                "sha256:9d6266348b15b4a48623bf4d3e50445d8e581da413644f365805b321703d0fac",
                "sha256:ddca39cc55877653b5fcf59976d073e3d58c7c406ef54ae8e61ddf8782867182",
                "sha256:988d2ec7560d42ef0ac34b3b97aad14c4f068792f00e1524fa1d3749fe4e4b64",
                "sha256:7a9c6c62e6e05df5406e9b5235c31c376a22620ef26715a663cee57083b3c2ea",
                "sha256:7a75565181e75ba0b9fb174b58172bf6ea9b4331631cfe7bafff03f3641f5d73",
                "sha256:94e4128ba1ea56f02522fffac65520091a9de3f5c00da31539e085e13db4771b",
                "sha256:92179bd68c2efe72924a99b6745a9172471931fc296f9bfdf9645b75eebd6344",
                "sha256:b9358e203168fef7bfe9f430afaed3a2a624717a1d19c7afa7dfcbd76e3cd95c",
                "sha256:009e0bc09a57dbef4b601cb8b46a2abad51f5274c8be4bba276ff2884cd4cc53",
                "sha256:d3ac07240e2304181ffdb13c099840b5eb555efc7be9344503c0c03aa681de79",
                "sha256:40fa5630cd7d237cd93c4d4b64b9e5ed9273d1cfce55241c7f9066f5db70629d",
                "sha256:6c2f1a76a9ebd9ecf7825b9e20860139ca502c2bf1beabf6accf6c9e66a7e0c3",
                "sha256:37f54452c7787dbdc0a634ca9773362b91709917f0b365ed14b831f03cbd34ba",
                "sha256:8f5942a4daf1ffac42109dc4a72f786af4baa4fa702ede1d7c57b4b696c2e7d6",
                "sha256:bf708455cd1e9fa96c05126e89a0c59b200d086c7df7bbafc7d9be769e4149a3",
                "sha256:82c40ea3ac1555e0462803380609fbe8b26f52620f3d4f8eb480cfd8ceed8a14",
                "sha256:207ba4f9125a0a4200691e82d5eee7ea1485708eabe99a07fc7f08696fae62f4",
                "sha256:0cd4c848f0e9d805d531e44973c8f48962e20eb7fc0edac3db4f9dbf9ed5ab82",
                "sha256:57baf63aeb2965ca4b52613ce78e968b6d2bde700c97f6a7e8c6c236b51ab83e",
                "sha256:2954557393cfc9a5c11a5199c7a78cd9c0c793a047552d27b1636da50d013916",
                "sha256:7c31dade89634807196a6b20ced831fbd5bec8a21c4e458ea950c9102c3aa96f",
                "sha256:1286dd16d0e46d59fa54582725986704a7a3f3d9aca6c5902a7eceb10c60cb7e",
                "sha256:697ff63bc5451e0b0db48ad205151123d25683b3754198be7ab5fcb44334e519",
                "sha256:fc993c9331d91766d54757bbc70231e29d5ceb2d1ac08b1570feaa0c38ab9582",
                "sha256:9d64fed2681552ed642e9c0cc831a9e95ab91de72b47d0cb68b5bf506ba88647",
                "sha256:5c3213be557d0468f9df8fe2487eaf2990d9799202c5ff5cb8d394d09fad9b2a"
            ],
            "version": "==2.7.3.2"
        },
        "python-dateutil": {
            "hashes": [
                "sha256:95511bae634d69bc7329ba55e646499a842bc4ec342ad54a8cdb65645a0aad3c",
                "sha256:891c38b2a02f5bb1be3e4793866c8df49c7d19baabf9c1bad62547e0b4866aca"
            ],
            "version": "==2.6.1"
        },
        "python-slugify": {
            "hashes": [
                "sha256:47f1bb3ea858d00073e3e1550a88ac20709660344e9727178d60478c4d3bb94e"
            ],
            "version": "==1.2.0"
        },
        "pytz": {
            "hashes": [
                "sha256:80af0f3008046b9975242012a985f04c5df1f01eed4ec1633d56cc47a75a6a48",
                "sha256:feb2365914948b8620347784b6b6da356f31c9d03560259070b2f30cff3d469d",
                "sha256:59707844a9825589878236ff2f4e0dc9958511b7ffaae94dc615da07d4a68d33",
                "sha256:d0ef5ef55ed3d37854320d4926b04a4cb42a2e88f71da9ddfdacfde8e364f027",
                "sha256:c41c62827ce9cafacd6f2f7018e4f83a6f1986e87bfd000b8cfbd4ab5da95f1a",
                "sha256:8cc90340159b5d7ced6f2ba77694d946fc975b09f1a51d93f3ce3bb399396f94",
                "sha256:dd2e4ca6ce3785c8dd342d1853dd9052b19290d5bf66060846e5dc6b8d6667f7",
                "sha256:699d18a2a56f19ee5698ab1123bbcc1d269d061996aeb1eda6d89248d3542b82",
                "sha256:fae4cffc040921b8a2d60c6cf0b5d662c1190fe54d718271db4eb17d44a185b7"
            ],
            "version": "==2017.3"
        },
        "six": {
            "hashes": [
                "sha256:832dc0e10feb1aa2c68dcc57dbb658f1c7e65b9b61af69048abc87a2db00a0eb",
                "sha256:70e8a77beed4562e7f14fe23a786b54f6296e34344c23bc42f07b15018ff98e9"
            ],
            "version": "==1.11.0"
        },
        "text-unidecode": {
            "hashes": [
                "sha256:02efd86b9c0f489f858d8cead62e94d3760dab444054b258734716f7602330a3",
                "sha256:d0afd5e8a7ac69bfb1372e1bbfa3c63c22e3db8ae1284690e96b45c4430d08d0"
            ],
            "version": "==1.1"
        },
        "unidecode": {
            "hashes": [
                "sha256:61f807220eda0203a774a09f84b4304a3f93b5944110cc132af29ddb81366883",
                "sha256:280a6ab88e1f2eb5af79edff450021a0d3f0448952847cd79677e55e58bad051"
            ],
            "version": "==0.4.21"
        },
        "yurl": {
            "hashes": [
                "sha256:a8ba9c065da393704fc029f13d2d7d850a9dfd6b8deae6960749eecea282693d"
            ],
            "version": "==0.13"
        }
    },
    "develop": {
        "backports.shutil-get-terminal-size": {
            "hashes": [
                "sha256:0975ba55054c15e346944b38956a4c9cbee9009391e41b86c68990effb8c1f64",
                "sha256:713e7a8228ae80341c70586d1cc0a8caa5207346927e23d09dcbcaf18eadec80"
            ],
            "markers": "python_version == '2.7'",
            "version": "==1.0.0"
        },
        "decorator": {
            "hashes": [
                "sha256:95a26b17806e284452bfd97fa20aa1e8cb4ee23542bda4dbac5e4562aa1642cd",
                "sha256:7cb64d38cb8002971710c8899fbdfb859a23a364b7c99dab19d1f719c2ba16b5"
            ],
            "version": "==4.1.2"
        },
        "enum34": {
            "hashes": [
                "sha256:6bd0f6ad48ec2aa117d3d141940d484deccda84d4fcd884f5c3d93c23ecd8c79",
                "sha256:644837f692e5f550741432dd3f223bbb9852018674981b1664e5dc339387588a",
                "sha256:8ad8c4783bf61ded74527bffb48ed9b54166685e4230386a9ed9b1279e2df5b1",
                "sha256:2d81cbbe0e73112bdfe6ef8576f2238f2ba27dd0d55752a776c41d38b7da2850"
            ],
            "markers": "python_version == '2.7'",
            "version": "==1.1.6"
        },
        "factory-boy": {
            "hashes": [
                "sha256:b8334bcc3c5b10af9a83ab5b8786f98cb322638dc1e6d320cad01c7f2b420e87",
                "sha256:340c602f6fed2d8dd160397f28f2c0219e937f0488460450e8e5bf2add020ed6"
            ],
            "version": "==2.9.2"
        },
        "faker": {
            "hashes": [
                "sha256:2f6ccc9da046d4cd20401734cf6a1ac73a4e4d8256e7b283496ee6827ad2eb60",
                "sha256:e928cf853ef69d7471421f2a3716a1239e43de0fa9855f4016ee0c9f1057328a"
            ],
            "version": "==0.8.8"
        },
        "ipaddress": {
            "hashes": [
                "sha256:200d8686011d470b5e4de207d803445deee427455cd0cb7c982b68cf82524f81"
            ],
            "markers": "python_version == '2.7'",
            "version": "==1.0.19"
        },
        "ipdb": {
            "hashes": [
                "sha256:9ea256b4280fbe12840fb9dfc3ce498c6c6de03352eca293e4400b0dfbed2b28"
            ],
            "version": "==0.10.3"
        },
        "ipython": {
            "hashes": [
                "sha256:578e2f3d779ed130a3cfefc09b2eb965a81457f6a31a25cd38e0bab622d4777d",
                "sha256:185ef2093dbac6d7250fe9ed4d4dd0f18f10d0a6ac6169f3eeb2ff0663d96b92",
                "sha256:66469e894d1f09d14a1f23b971a410af131daa9ad2a19922082e02e0ddfd150f"
            ],
            "version": "==5.5.0"
        },
        "ipython-genutils": {
            "hashes": [
                "sha256:72dd37233799e619666c9f639a9da83c34013a73e8bbc79a7a6348d93c61fab8",
                "sha256:eb2e116e75ecef9d4d228fdc66af54269afa26ab4463042e33785b887c628ba8"
            ],
            "version": "==0.2.0"
        },
        "pathlib2": {
            "hashes": [
                "sha256:db3e43032d23787d3e9aec8c7ef1e0d2c3c589d5f303477661ebda2ca6d4bfba",
                "sha256:d32550b75a818b289bd4c1f96b60c89957811da205afcceab75bc8b4857ea5b3"
            ],
            "markers": "python_version == '2.7' or python_version == '3.3'",
            "version": "==2.3.0"
        },
        "pexpect": {
            "hashes": [
                "sha256:144939a072a46d32f6e5ecc866509e1d613276781f7182148a08df52eaa7b022",
                "sha256:8e287b171dbaf249d0b06b5f2e88cb7e694651d2d0b8c15bccb83170d3c55575"
            ],
            "markers": "sys_platform != 'win32'",
            "version": "==4.3.1"
        },
        "pickleshare": {
            "hashes": [
                "sha256:c9a2541f25aeabc070f12f452e1f2a8eae2abd51e1cd19e8430402bdf4c1d8b5",
                "sha256:84a9257227dfdd6fe1b4be1319096c20eb85ff1e82c7932f36efccfe1b09737b"
            ],
            "version": "==0.7.4"
        },
        "prompt-toolkit": {
            "hashes": [
                "sha256:3f473ae040ddaa52b52f97f6b4a493cfa9f5920c255a12dc56a7d34397a398a4",
                "sha256:1df952620eccb399c53ebb359cc7d9a8d3a9538cb34c5a1344bdbeb29fbcc381",
                "sha256:858588f1983ca497f1cf4ffde01d978a3ea02b01c8a26a8bbc5cd2e66d816917"
            ],
            "version": "==1.0.15"
        },
        "ptyprocess": {
            "hashes": [
                "sha256:e8c43b5eee76b2083a9badde89fd1bbce6c8942d1045146e100b7b5e014f4f1a",
                "sha256:e64193f0047ad603b71f202332ab5527c5e52aa7c8b609704fc28c0dc20c4365"
            ],
            "version": "==0.5.2"
        },
        "pygments": {
            "hashes": [
                "sha256:78f3f434bcc5d6ee09020f92ba487f95ba50f1e3ef83ae96b9d5ffa1bab25c5d",
                "sha256:dbae1046def0efb574852fab9e90209b23f556367b5a320c0bcb871c77c3e8cc"
            ],
            "version": "==2.2.0"
        },
        "python-dateutil": {
            "hashes": [
                "sha256:95511bae634d69bc7329ba55e646499a842bc4ec342ad54a8cdb65645a0aad3c",
                "sha256:891c38b2a02f5bb1be3e4793866c8df49c7d19baabf9c1bad62547e0b4866aca"
            ],
            "version": "==2.6.1"
        },
        "scandir": {
            "hashes": [
                "sha256:913d0d04f3ea8f38a52a38e930a08deacd3643d71875a0751a5c01e006102998",
                "sha256:eb9d4a55bbeb0473a9c7d3ff81e12d44f0ad86daff48b02a95e2398c87ff1a00",
                "sha256:2b28d118b372de8950f85b65d8ddfd43643f139a5b721281dd6532bed6b8321c",
                "sha256:f14476800cfdd6809d5130840f78ca3c08aa25544113e2b33a0b2fe914583d69",
                "sha256:6db5aadb667bb709cc23921203e9c27f08225506a9b84b7ebe2b645dee47a4dd",
                "sha256:8129fe7b9211d080457e0ff87397d85bb9be6ebb482b6be6ad9700059ac2e516",
                "sha256:8fe782abf9314f2733c09d2191c1b3047475218ddbae90052b5c0f1a4215d5e2",
                "sha256:a93b6cc872eeccdc91b4c1c1e510820bee17f79c9455064fb8d3b73b51e52024",
                "sha256:9851e782da220073093da68b3451e3c33b10f84eca2aec17a24661c7c63357a2",
                "sha256:937d27e367af994afd3792904b794a82645ea9616dd336f5030e0b50e527eb57",
                "sha256:e0278a2d4bc6c0569aedbe66bf26c8ab5b2b08378b3289de49257f23ac624338"
            ],
            "markers": "python_version < '3.5'",
            "version": "==1.6"
        },
        "simplegeneric": {
            "hashes": [
                "sha256:dc972e06094b9af5b855b3df4a646395e43d1c9d0d39ed345b7393560d0b9173"
            ],
            "version": "==0.8.1"
        },
        "six": {
            "hashes": [
                "sha256:832dc0e10feb1aa2c68dcc57dbb658f1c7e65b9b61af69048abc87a2db00a0eb",
                "sha256:70e8a77beed4562e7f14fe23a786b54f6296e34344c23bc42f07b15018ff98e9"
            ],
            "version": "==1.11.0"
        },
        "text-unidecode": {
            "hashes": [
                "sha256:02efd86b9c0f489f858d8cead62e94d3760dab444054b258734716f7602330a3",
                "sha256:d0afd5e8a7ac69bfb1372e1bbfa3c63c22e3db8ae1284690e96b45c4430d08d0"
            ],
            "version": "==1.1"
        },
        "traitlets": {
            "hashes": [
                "sha256:c6cb5e6f57c5a9bdaa40fa71ce7b4af30298fbab9ece9815b5d995ab6217c7d9",
                "sha256:9c4bd2d267b7153df9152698efb1050a5d84982d3384a37b2c1f7723ba3e7835"
            ],
            "version": "==4.3.2"
        },
        "wcwidth": {
            "hashes": [
                "sha256:f4ebe71925af7b40a864553f761ed559b43544f8f71746c2d756c7fe788ade7c",
                "sha256:3df37372226d6e63e1b1e1eda15c594bca98a22d33a23832a90998faa96bc65e"
            ],
            "version": "==0.1.7"
        }
    }
}
