{
    "_meta": {
        "hash": {
            "sha256": "07936a3a31d62a953c22075e5ebb0307f2eb93138ea34a905ba4e4f458daa349"
        },
        "host-environment-markers": {
            "implementation_name": "cpython",
            "implementation_version": "0",
            "os_name": "posix",
            "platform_machine": "x86_64",
            "platform_python_implementation": "CPython",
            "platform_release": "4.4.0-37-generic",
            "platform_system": "Linux",
            "platform_version": "#56-Ubuntu SMP Mon Aug 29 16:50:40 UTC 2016",
            "python_full_version": "2.7.12",
            "python_version": "2.7",
            "sys_platform": "linux2"
        },
        "pipfile-spec": 6,
        "requires": {},
        "sources": [
            {
                "name": "pypi",
                "url": "https://pypi.python.org/simple",
                "verify_ssl": true
            }
        ]
    },
    "default": {
        "cmsplugin-filer": {
            "hashes": [
                "sha256:e1573b391e58682c796a922e60d5bfd0c96461395663a6cee536fe6c343c14ec",
                "sha256:d9a1c57448b5a55712cf6baf25e43703d37f75162bbd540aeb19ecb832c27e3f"
            ],
            "version": "==1.1.3"
        },
        "django": {
            "hashes": [
                "sha256:d8e2fd119756ab10b43a31052c3c8efbc262064b81eecb7871372de4d37b1a94",
                "sha256:c7611cdd5e2539a443b7960c7cafd867d986c2720a1b44808deaa60ce3da50c7"
            ],
            "version": "==1.8.18"
        },
        "django-appconf": {
            "hashes": [
                "sha256:ddab987d14b26731352c01ee69c090a4ebfc9141ed223bef039d79587f22acd9",
                "sha256:6a4d9aea683b4c224d97ab8ee11ad2d29a37072c0c6c509896dd9857466fb261"
            ],
            "version": "==1.0.2"
        },
        "django-classy-tags": {
            "hashes": [
                "sha256:f6d12f5a4df3e387795a0d9ef2836af389cae9a1fbebda035dac043d4722b1f7",
                "sha256:792f9161d0e22d55b4fab6fc297bab8ab072ffaa3075b227613a6d8473624db8"
            ],
            "version": "==0.8.0"
        },
        "django-cms": {
            "hashes": [
                "sha256:e113f3af4a6acfe8f4ee706c0902359dadb75aea4cbcae70f9bc8fc09d69647c",
                "sha256:81e2da8314cdb8c67569b865d43fd91347404b6a06df4e26acfb78a01ed598e5"
            ],
            "version": "==3.4.5"
        },
        "django-filer": {
            "hashes": [
                "sha256:f5298a731291ec2adef91a9a18509a55446b175c5e5afd31316d78b32222e065",
                "sha256:694fed2d8a3468ab303c1922215c5007f8b60fd4893063038e2fedf685241030"
            ],
            "version": "==1.3.0"
        },
        "django-formtools": {
            "hashes": [
                "sha256:cb2bd7c29c2104278e5a0e76f7ff256b9570acf11485d547ee0c1b35347359fb",
                "sha256:7703793f1675aa6e871f9fed147e8563816d7a5b9affdc5e3459899596217f7c"
            ],
            "version": "==2.1"
        },
        "django-mptt": {
            "hashes": [
                "sha256:422cc3b4326edfdba65ba5d59b29540f72581bafab53c439d90a89101d2eacc8",
                "sha256:b6c80983bad659cfe7ebd04c95410969cf66ca89dcf8774f33b3fb0e0016270d"
            ],
            "version": "==0.8.7"
        },
        "django-polymorphic": {
            "hashes": [
                "sha256:8f4e36ada0ec16b98de0b6e53477772fcac3ece89a1da8473ee6aa4e658775a7",
                "sha256:8737b465ebf5fad772b4c52272189c352f5904f468d298584a3469187e3207ad"
            ],
            "version": "==1.3"
        },
        "django-sekizai": {
            "hashes": [
                "sha256:cbd48e7be29e8cc4108476b9420d7c391fc509a504bc20b60616b116ba6ea51e",
                "sha256:39c5d16ad694aa78278ca84fdc7b9f953ebcf94e2fc95b68c875d02014303260"
            ],
            "version": "==0.10.0"
        },
        "django-treebeard": {
            "hashes": [
                "sha256:a11bb3dfc60004adda12a4e2e2fd1f691b36d7aa302604542926d5d2209687fd"
            ],
            "version": "==4.1.2"
        },
        "djangocms-admin-style": {
            "hashes": [
                "sha256:59dfe4ac535d6377e010c2e1b5e0dd5296b6177ef38e600d12ce8f19ff11e91f"
            ],
            "version": "==1.2.7"
        },
        "djangocms-attributes-field": {
            "hashes": [
                "sha256:2eab4a1ff13886b81926a8e2f298feb75339e281a8ffe01a1714b1b4230da927",
                "sha256:99ec4f4ef9b1df9fff346062e31c1c193552036c060dccf053e743d7b4fc31ac"
            ],
            "version": "==0.3.0"
        },
        "djangocms-column": {
            "hashes": [
                "sha256:06b73e18868fe40a364f33dbee99f20ffcd6a768ec14b5525794ef337a6cd542",
                "sha256:3f3d9fb06fd3f082f5a1e692dc6e73fb745be59f9fe53a266c48f3e75dd78e62"
            ],
            "version": "==1.7.0"
        },
        "djangocms-googlemap": {
            "hashes": [
                "sha256:a1ccc3716dcc715ad9fa79fba47a55cb97462969f3f211482621994bec9dd08e"
            ],
            "version": "==1.1.1"
        },
        "djangocms-link": {
            "hashes": [
                "sha256:210f5e8fd7cb814a808220a718a9b4446cf058d264e0817293b32d2f5dbc7baa"
            ],
            "version": "==2.1.2"
        },
        "djangocms-snippet": {
            "hashes": [
                "sha256:60d2778aad8be81435748a2d4e1645d1e8b7f773b94a47578654964d29fd2970"
            ],
            "version": "==1.9.2"
        },
        "djangocms-style": {
            "hashes": [
                "sha256:3a3b333b3d73c81e13b56f015fad8b753b5cd5b6ad0e123aa94cf8aead671745"
            ],
            "version": "==2.0.2"
        },
        "djangocms-text-ckeditor": {
            "hashes": [
                "sha256:9ca15edda90d94a48b4e2ecfd11381949a8912e5b6f60d1bc5d08fe166cbc770",
                "sha256:cf08123b33396a4b2767b76bdb2cc8cd950beaff46d8d5ee1e4dc28509996ee7"
            ],
            "version": "==3.5.1"
        },
        "djangocms-video": {
            "hashes": [
                "sha256:aa0f6868ba282e88bc5a0886c7b9c7c85df4a7ec31a5ae86e7aa2be57f59568e"
            ],
            "version": "==2.0.4"
        },
        "easy-thumbnails": {
            "hashes": [
                "sha256:8cad7ea4fb2b800284e842d8a44f685cbc1968535be04c24a4bbf6e6dbc550c4"
            ],
            "version": "==2.4.2"
        },
        "gunicorn": {
            "hashes": [
                "sha256:75af03c99389535f218cc596c7de74df4763803f7b63eb09d77e92b3956b36c6",
                "sha256:eee1169f0ca667be05db3351a0960765620dad53f53434262ff8901b68a1b622"
            ],
            "version": "==19.7.1"
        },
        "html5lib": {
            "hashes": [
                "sha256:2612a191a8d5842bfa057e41ba50bbb9dcb722419d2408c78cff4758d0754868"
            ],
            "version": "==0.9999999"
        },
        "olefile": {
            "hashes": [
                "sha256:61f2ca0cd0aa77279eb943c07f607438edf374096b66332fae1ee64a6f0f73ad"
            ],
            "version": "==0.44"
        },
        "pillow": {
            "hashes": [
                "sha256:cc6a5ed5b8f9d2f25e4e42d562e0ec4df3ce838f9e9b9d9d9b65fac6fe93a4cc",
                "sha256:54898190b538a6c8fa4228e866ff2e7609da1ba9fd1d9cc5dc8ca591d37ce0a8",
                "sha256:a336596b06e062b92eb8201a3b5dff07ae01c3a5d08ce5539d2da49b123f2be6",
                "sha256:922aeb050bd52d8ce9531ab57fd2440bfe975900e8700fec385fb741c3c557c7",
                "sha256:6d814aa655d94c63547fc3208cb6ab886ff1a64c543b31f52658663b1bb3f011",
                "sha256:e66080685863444738f08e13081c287e340b6e4f8bd674a2e0da967776ac6f46",
                "sha256:575a9b3468c82f38be0419cd39d35001ae95a0cc5226534e45430035fecef583",
                "sha256:4fb8ab0f8895fb946454ef6ffe806f49ee387095f2d6112ae24670e5fb8fbcd9",
                "sha256:1d742642d01914b7e0cf6fd597a51f57d21fd68f794cf84803e03e72db78a261",
                "sha256:59cef683d79b85d55a950c1e61dc7b6be0c45a5074692746354cd9a8ace1cd17",
                "sha256:822e4fc261d12fa44d88dadee0e93d59663db94d962d4ffffbf09b1fe5e5be51",
                "sha256:a6f43511c79bed431ec2b56e55150b5222c732cd9e5f80e77a44e068e94c71fc",
                "sha256:2046a2001e2c413998951cc28aa0dbfd4cff846a12e24c2145d42630d5104094",
                "sha256:39c7c9dcf64430091e30ef14d4191b4cae9b7b5ff29762357730aac4866fb189",
                "sha256:f2d71951f473744ac617b645b62d0c4df5372ef4618c425646bfe5e2e8878e61",
                "sha256:9adcfa2477b7e279ebeee75b49f535518201bbd7d26ca2ef1cf6751cb6e658e8",
                "sha256:0e3b56364a2c772c961a8faad8a835d3f24d8848310de035c9e07cc006035cbc",
                "sha256:92087cb92a968421f42235f7d8153f4766b6ba213a6efb36b8060f3c9d294569",
                "sha256:53eaec751151b5713a15b1cd62b06d0fc16d72f56623c15448728c554c30770b",
                "sha256:e595312f67962d6b4fde3b7dffaaaca4becefa522d677676bb57b0ec5f8f921a",
                "sha256:dc32362d0cadf18c3aef7040455760106cafe7dd3c211dc27c507e746376bb56",
                "sha256:759e5e3e99c4ac87b99e9288a75236c63173d1bb24c8d3f9d9d2c8332fceeb0a",
                "sha256:b13106cb83a3b7d1a02fafb94bfafbc980465ba948b76ea1996245959c6783d2",
                "sha256:9184b9788a9cf677e53626a4dc141136a22d349a5480479b98defd3cfb5015a4",
                "sha256:be803fae6af36639524a0f6861a8cface67bbec66c3416c3eaf592f1d45b8b20",
                "sha256:effa82e72f5064439a3d2c7ff615b999eb1c4d65bb1f1e6ee6e2ddb345b3e81e",
                "sha256:9dc002a914cefa710dcb9fb204d34f6cd822662047a6038178f5fc9bfa7be961",
                "sha256:7b3cf7a80608ed661b77793f64e1f2bd1e77136ad0b750aa2c81fac9c7e2c785",
                "sha256:a9bad3405a642649e68568fe9832e8f6ae585354ab0b4ae250816ead11a553a2",
                "sha256:4d3dbd93b131013a71b2e98530dd4945a03c7994d42381e44a921dd8bec300bc",
                "sha256:9a1514bee2e32e0d4c0f55ba7a20f4387f883e37c7d2db64ca50449ffebe86cc",
                "sha256:a9721fe1f6fdfe0c108ea81b1a05dc216f1ec5bb65ef1de1d85fd00494d019e0",
                "sha256:e75d745306ec8aac0e6903358fdfc7fb6854febe551ed753ee7a1cad058b61bb",
                "sha256:ccc9c1f5ba413fc5ee09bc78de7dd2ad8e189edb48f3bc38acedd04a7f43a0c1",
                "sha256:150e24462fd106074a9a63417a55fbb0c633716cef9511f1bd7a773972de14f4",
                "sha256:250d8470661fd657c2583672ab5139f40e7f2ef28ecdc90f87563af0b27f6fba",
                "sha256:a97c715d44efd5b4aa8d739b8fad88b93ed79f1b33fc2822d5802043f3b1b527",
                "sha256:dbefe5aa0882f00f12eceb3fb7df57105cd87fae767ca025db4685b7577c2390",
                "sha256:62a7bbf0a1120ff07a99ddedd383779a8d80bd9d363f3964b2b43a26cef6ea50",
                "sha256:42b4a67949085ddd4559c3c716a00a275fb45cb2c3a3aeec95c4b94419b7c243",
                "sha256:0ac037e6c1746d63a1ea354f0d5974d8f3f984fc0333be373ad193711a89b1e9",
                "sha256:8989cbf10ea07fc9982ec86116f6234bb3e44da481874ac94650d6176f60106f",
                "sha256:77834551d3e928f3da922ce9dfb5c8db46758ea2f2922d4c5835a5b67a222aff",
                "sha256:c00301e807084706bd46a1c56694ee235debe68eaf482c0186edfe07b93a9f6a",
                "sha256:0163bd681d3488e2e9c26f4fbbfefcfb7f32259c431bfd2c3bc25574708a8b8c",
                "sha256:223b06c337d8d60fb65af3b540ab1fa4644931d61d1fddf6e32f7a0e496685f2",
                "sha256:1ab641cb7daf88e88ede8d3b89b7bd68a7099d8671160492d5e6845e24426080"
            ],
            "version": "==4.3.0"
        },
        "psycopg2": {
            "hashes": [
                "sha256:594aa9a095de16614f703d759e10c018bdffeafce2921b8e80a0e8a0ebbc12e5",
                "sha256:1cf5d84290c771eeecb734abe2c6c3120e9837eb12f99474141a862b9061ac51",
                "sha256:0344b181e1aea37a58c218ccb0f0f771295de9aa25a625ed076e6996c6530f9e",
                "sha256:25250867a4cd1510fb755ef9cb38da3065def999d8e92c44e49a39b9b76bc893",
                "sha256:317612d5d0ca4a9f7e42afb2add69b10be360784d21ce4ecfbca19f1f5eadf43",
                "sha256:9d6266348b15b4a48623bf4d3e50445d8e581da413644f365805b321703d0fac",
                "sha256:ddca39cc55877653b5fcf59976d073e3d58c7c406ef54ae8e61ddf8782867182",
                "sha256:988d2ec7560d42ef0ac34b3b97aad14c4f068792f00e1524fa1d3749fe4e4b64",
                "sha256:7a9c6c62e6e05df5406e9b5235c31c376a22620ef26715a663cee57083b3c2ea",
                "sha256:7a75565181e75ba0b9fb174b58172bf6ea9b4331631cfe7bafff03f3641f5d73",
                "sha256:94e4128ba1ea56f02522fffac65520091a9de3f5c00da31539e085e13db4771b",
                "sha256:92179bd68c2efe72924a99b6745a9172471931fc296f9bfdf9645b75eebd6344",
                "sha256:b9358e203168fef7bfe9f430afaed3a2a624717a1d19c7afa7dfcbd76e3cd95c",
                "sha256:009e0bc09a57dbef4b601cb8b46a2abad51f5274c8be4bba276ff2884cd4cc53",
                "sha256:d3ac07240e2304181ffdb13c099840b5eb555efc7be9344503c0c03aa681de79",
                "sha256:40fa5630cd7d237cd93c4d4b64b9e5ed9273d1cfce55241c7f9066f5db70629d",
                "sha256:6c2f1a76a9ebd9ecf7825b9e20860139ca502c2bf1beabf6accf6c9e66a7e0c3",
                "sha256:37f54452c7787dbdc0a634ca9773362b91709917f0b365ed14b831f03cbd34ba",
                "sha256:8f5942a4daf1ffac42109dc4a72f786af4baa4fa702ede1d7c57b4b696c2e7d6",
                "sha256:bf708455cd1e9fa96c05126e89a0c59b200d086c7df7bbafc7d9be769e4149a3",
                "sha256:82c40ea3ac1555e0462803380609fbe8b26f52620f3d4f8eb480cfd8ceed8a14",
                "sha256:207ba4f9125a0a4200691e82d5eee7ea1485708eabe99a07fc7f08696fae62f4",
                "sha256:0cd4c848f0e9d805d531e44973c8f48962e20eb7fc0edac3db4f9dbf9ed5ab82",
                "sha256:57baf63aeb2965ca4b52613ce78e968b6d2bde700c97f6a7e8c6c236b51ab83e",
                "sha256:2954557393cfc9a5c11a5199c7a78cd9c0c793a047552d27b1636da50d013916",
                "sha256:7c31dade89634807196a6b20ced831fbd5bec8a21c4e458ea950c9102c3aa96f",
                "sha256:1286dd16d0e46d59fa54582725986704a7a3f3d9aca6c5902a7eceb10c60cb7e",
                "sha256:697ff63bc5451e0b0db48ad205151123d25683b3754198be7ab5fcb44334e519",
                "sha256:fc993c9331d91766d54757bbc70231e29d5ceb2d1ac08b1570feaa0c38ab9582",
                "sha256:9d64fed2681552ed642e9c0cc831a9e95ab91de72b47d0cb68b5bf506ba88647",
                "sha256:5c3213be557d0468f9df8fe2487eaf2990d9799202c5ff5cb8d394d09fad9b2a"
            ],
            "version": "==2.7.3.2"
        },
        "pytz": {
            "hashes": [
                "sha256:80af0f3008046b9975242012a985f04c5df1f01eed4ec1633d56cc47a75a6a48",
                "sha256:feb2365914948b8620347784b6b6da356f31c9d03560259070b2f30cff3d469d",
                "sha256:59707844a9825589878236ff2f4e0dc9958511b7ffaae94dc615da07d4a68d33",
                "sha256:d0ef5ef55ed3d37854320d4926b04a4cb42a2e88f71da9ddfdacfde8e364f027",
                "sha256:c41c62827ce9cafacd6f2f7018e4f83a6f1986e87bfd000b8cfbd4ab5da95f1a",
                "sha256:8cc90340159b5d7ced6f2ba77694d946fc975b09f1a51d93f3ce3bb399396f94",
                "sha256:dd2e4ca6ce3785c8dd342d1853dd9052b19290d5bf66060846e5dc6b8d6667f7",
                "sha256:699d18a2a56f19ee5698ab1123bbcc1d269d061996aeb1eda6d89248d3542b82",
                "sha256:fae4cffc040921b8a2d60c6cf0b5d662c1190fe54d718271db4eb17d44a185b7"
            ],
            "version": "==2017.3"
        },
        "six": {
            "hashes": [
                "sha256:832dc0e10feb1aa2c68dcc57dbb658f1c7e65b9b61af69048abc87a2db00a0eb",
                "sha256:70e8a77beed4562e7f14fe23a786b54f6296e34344c23bc42f07b15018ff98e9"
            ],
            "version": "==1.11.0"
        },
        "unidecode": {
            "hashes": [
                "sha256:61f807220eda0203a774a09f84b4304a3f93b5944110cc132af29ddb81366883",
                "sha256:280a6ab88e1f2eb5af79edff450021a0d3f0448952847cd79677e55e58bad051"
            ],
            "version": "==0.4.21"
        }
    },
    "develop": {}
}
